// !$*UTF8*$!
{
	archiveVersion = 1;
	classes = {
	};
	objectVersion = 56;
	objects = {

/* Begin PBXBuildFile section */
		020557382CA65FA800F4F7EB /* TutorServicesView.swift in Sources */ = {isa = PBXBuildFile; fileRef = 020557372CA65FA800F4F7EB /* TutorServicesView.swift */; };
		020BF3232CD8887F000890AF /* LocationListView.swift in Sources */ = {isa = PBXBuildFile; fileRef = 020BF3222CD88871000890AF /* LocationListView.swift */; };
		020BF3252CD88901000890AF /* ServiceListView.swift in Sources */ = {isa = PBXBuildFile; fileRef = 020BF3242CD888F8000890AF /* ServiceListView.swift */; };
		020BF3272CD88916000890AF /* TutorListView.swift in Sources */ = {isa = PBXBuildFile; fileRef = 020BF3262CD8890F000890AF /* TutorListView.swift */; };
		020BF3292CD8893F000890AF /* StudentListView.swift in Sources */ = {isa = PBXBuildFile; fileRef = 020BF3282CD88938000890AF /* StudentListView.swift */; };
		020BF32B2CD8F162000890AF /* ServiceSelectionView.swift in Sources */ = {isa = PBXBuildFile; fileRef = 020BF32A2CD8F15A000890AF /* ServiceSelectionView.swift */; };
		020BF32D2CD8F198000890AF /* TutorSelectionView.swift in Sources */ = {isa = PBXBuildFile; fileRef = 020BF32C2CD8F191000890AF /* TutorSelectionView.swift */; };
		020BF32F2CD8F1F0000890AF /* TutorServiceSelectionView.swift in Sources */ = {isa = PBXBuildFile; fileRef = 020BF32E2CD8F1E3000890AF /* TutorServiceSelectionView.swift */; };
		020BF3312CD8F223000890AF /* StudentSelectionView.swift in Sources */ = {isa = PBXBuildFile; fileRef = 020BF3302CD8F21C000890AF /* StudentSelectionView.swift */; };
		025232A92CEAB44E0071A995 /* TutorServiceListSelectionView.swift in Sources */ = {isa = PBXBuildFile; fileRef = 025232A82CEAB4340071A995 /* TutorServiceListSelectionView.swift */; };
		02863C842CB48508002FE12B /* ServiceCostByTutorView.swift in Sources */ = {isa = PBXBuildFile; fileRef = 02863C832CB484FB002FE12B /* ServiceCostByTutorView.swift */; };
		02863C862CB4878B002FE12B /* TutorServiceCost.swift in Sources */ = {isa = PBXBuildFile; fileRef = 02863C852CB4877A002FE12B /* TutorServiceCost.swift */; };
		02863C882CB48856002FE12B /* TutorServiceCostList.swift in Sources */ = {isa = PBXBuildFile; fileRef = 02863C872CB4884B002FE12B /* TutorServiceCostList.swift */; };
		029D22022CEECCF500A54846 /* Pods_WSAdmin.framework in Embed Frameworks */ = {isa = PBXBuildFile; fileRef = 155C162A0215761C62AC6D29 /* Pods_WSAdmin.framework */; settings = {ATTRIBUTES = (CodeSignOnCopy, RemoveHeadersOnCopy, ); }; };
		029E4E092CCACDB00080AD4E /* BillArray.swift in Sources */ = {isa = PBXBuildFile; fileRef = 029E4E082CCACDA20080AD4E /* BillArray.swift */; };
		029E4E0B2CCACEC90080AD4E /* BillItem.swift in Sources */ = {isa = PBXBuildFile; fileRef = 029E4E0A2CCACEC30080AD4E /* BillItem.swift */; };
		029E4E0D2CCAD0780080AD4E /* BillClient.swift in Sources */ = {isa = PBXBuildFile; fileRef = 029E4E0C2CCAD0600080AD4E /* BillClient.swift */; };
		02A39F1B2C6B8B5C00C1FB4B /* WSAdmin.swift in Sources */ = {isa = PBXBuildFile; fileRef = 02A39F1A2C6B8B5C00C1FB4B /* WSAdmin.swift */; };
		02A39F1D2C6B8B5C00C1FB4B /* ContentView.swift in Sources */ = {isa = PBXBuildFile; fileRef = 02A39F1C2C6B8B5C00C1FB4B /* ContentView.swift */; };
		02A39F1F2C6B8B6200C1FB4B /* Assets.xcassets in Resources */ = {isa = PBXBuildFile; fileRef = 02A39F1E2C6B8B6200C1FB4B /* Assets.xcassets */; };
		02A39F222C6B8B6200C1FB4B /* Preview Assets.xcassets in Resources */ = {isa = PBXBuildFile; fileRef = 02A39F212C6B8B6200C1FB4B /* Preview Assets.xcassets */; };
		02A4775B2CBCC34D001AA1AA /* Utilities.swift in Sources */ = {isa = PBXBuildFile; fileRef = 02A4775A2CBCC335001AA1AA /* Utilities.swift */; };
		02AC9BB32C855BF8007391A7 /* UserAuthVM.swift in Sources */ = {isa = PBXBuildFile; fileRef = 02AC9BB22C855BF8007391A7 /* UserAuthVM.swift */; };
		02AC9BB52C855C7B007391A7 /* SignInView.swift in Sources */ = {isa = PBXBuildFile; fileRef = 02AC9BB42C855C7B007391A7 /* SignInView.swift */; };
		02AC9BB92C8614B1007391A7 /* DataMgmtView.swift in Sources */ = {isa = PBXBuildFile; fileRef = 02AC9BB82C8614B1007391A7 /* DataMgmtView.swift */; };
		02AC9BBB2C8645E1007391A7 /* RefDataVM.swift in Sources */ = {isa = PBXBuildFile; fileRef = 02AC9BBA2C8645E1007391A7 /* RefDataVM.swift */; };
		02AC9BC02C889F9A007391A7 /* Student.swift in Sources */ = {isa = PBXBuildFile; fileRef = 02AC9BBF2C889F9A007391A7 /* Student.swift */; };
		02AC9BC22C88A161007391A7 /* StudentsList.swift in Sources */ = {isa = PBXBuildFile; fileRef = 02AC9BC12C88A161007391A7 /* StudentsList.swift */; };
		02AC9BC52C88A66D007391A7 /* Tutor.swift in Sources */ = {isa = PBXBuildFile; fileRef = 02AC9BC42C88A66D007391A7 /* Tutor.swift */; };
		02AC9BC72C88A68A007391A7 /* TutorsList.swift in Sources */ = {isa = PBXBuildFile; fileRef = 02AC9BC62C88A68A007391A7 /* TutorsList.swift */; };
		02AC9BC92C88A6A5007391A7 /* Service.swift in Sources */ = {isa = PBXBuildFile; fileRef = 02AC9BC82C88A6A5007391A7 /* Service.swift */; };
		02AC9BCB2C88A6BA007391A7 /* ServicesList.swift in Sources */ = {isa = PBXBuildFile; fileRef = 02AC9BCA2C88A6BA007391A7 /* ServicesList.swift */; };
		02AC9BCD2C88A6C9007391A7 /* Location.swift in Sources */ = {isa = PBXBuildFile; fileRef = 02AC9BCC2C88A6C9007391A7 /* Location.swift */; };
		02AC9BCF2C88A6DC007391A7 /* LocationsList.swift in Sources */ = {isa = PBXBuildFile; fileRef = 02AC9BCE2C88A6DB007391A7 /* LocationsList.swift */; };
		02AC9BD12C892B0F007391A7 /* TutorView.swift in Sources */ = {isa = PBXBuildFile; fileRef = 02AC9BD02C892B0F007391A7 /* TutorView.swift */; };
		02AC9BD32C892B49007391A7 /* StudentView.swift in Sources */ = {isa = PBXBuildFile; fileRef = 02AC9BD22C892B49007391A7 /* StudentView.swift */; };
		02AC9BD52C894BFC007391A7 /* StudentMgmtVM.swift in Sources */ = {isa = PBXBuildFile; fileRef = 02AC9BD42C894BFC007391A7 /* StudentMgmtVM.swift */; };
		02AC9BD72C894E69007391A7 /* TutorMgmtVM.swift in Sources */ = {isa = PBXBuildFile; fileRef = 02AC9BD62C894E69007391A7 /* TutorMgmtVM.swift */; };
		02BD576D2C9329EF00A85EEF /* TutorDataCounts.swift in Sources */ = {isa = PBXBuildFile; fileRef = 02BD576C2C9329EF00A85EEF /* TutorDataCounts.swift */; };
		02C8BEF22C9F145200EAB9DE /* TutorStudentsView.swift in Sources */ = {isa = PBXBuildFile; fileRef = 02C8BEF12C9F145200EAB9DE /* TutorStudentsView.swift */; };
		02CA8C1C2CAB3CD700CCD03C /* TutorServiceView.swift in Sources */ = {isa = PBXBuildFile; fileRef = 02CA8C1B2CAB3CD700CCD03C /* TutorServiceView.swift */; };
		02DD5A4A2C8A0FFA002893AD /* ServiceMgmtVM.swift in Sources */ = {isa = PBXBuildFile; fileRef = 02DD5A492C8A0FFA002893AD /* ServiceMgmtVM.swift */; };
		02DD5A4C2C8A1015002893AD /* LocationMgmtVM.swift in Sources */ = {isa = PBXBuildFile; fileRef = 02DD5A4B2C8A1015002893AD /* LocationMgmtVM.swift */; };
		02DD5A4E2C8A141A002893AD /* ServiceView.swift in Sources */ = {isa = PBXBuildFile; fileRef = 02DD5A4D2C8A141A002893AD /* ServiceView.swift */; };
		02DD5A502C8A1428002893AD /* LocationView.swift in Sources */ = {isa = PBXBuildFile; fileRef = 02DD5A4F2C8A1428002893AD /* LocationView.swift */; };
		02E76DFA2CBDBCD6002AC504 /* BillingView.swift in Sources */ = {isa = PBXBuildFile; fileRef = 02E76DF92CBDBCD6002AC504 /* BillingView.swift */; };
		02E76DFC2CBDD16A002AC504 /* BillingVM.swift in Sources */ = {isa = PBXBuildFile; fileRef = 02E76DFB2CBDD164002AC504 /* BillingVM.swift */; };
		02E76DFE2CBDDAAF002AC504 /* InvoiceView.swift in Sources */ = {isa = PBXBuildFile; fileRef = 02E76DFD2CBDDAA2002AC504 /* InvoiceView.swift */; };
		02E76E002CBDF9A6002AC504 /* InvoiceLine.swift in Sources */ = {isa = PBXBuildFile; fileRef = 02E76DFF2CBDF99F002AC504 /* InvoiceLine.swift */; };
		02E76E022CBDFA39002AC504 /* Invoice.swift in Sources */ = {isa = PBXBuildFile; fileRef = 02E76E012CBDFA14002AC504 /* Invoice.swift */; };
		02E76E042CBF0B3B002AC504 /* TimesheetRow.swift in Sources */ = {isa = PBXBuildFile; fileRef = 02E76E032CBF0B23002AC504 /* TimesheetRow.swift */; };
		02E76E062CBF0D68002AC504 /* Timesheet.swift in Sources */ = {isa = PBXBuildFile; fileRef = 02E76E052CBF0D60002AC504 /* Timesheet.swift */; };
		02E76E072CC1FB82002AC504 /* Pods_WSAdmin.framework in Frameworks */ = {isa = PBXBuildFile; fileRef = 155C162A0215761C62AC6D29 /* Pods_WSAdmin.framework */; };
		02E76E3B2CC30A2C002AC504 /* StudentBillingMonth.swift in Sources */ = {isa = PBXBuildFile; fileRef = 02E76E3A2CC309FB002AC504 /* StudentBillingMonth.swift */; };
		02E76E3D2CC30A3D002AC504 /* TutorBillingMonth.swift in Sources */ = {isa = PBXBuildFile; fileRef = 02E76E3C2CC30A34002AC504 /* TutorBillingMonth.swift */; };
		02E76E3F2CC30A4D002AC504 /* StudentBillingRow.swift in Sources */ = {isa = PBXBuildFile; fileRef = 02E76E3E2CC30A42002AC504 /* StudentBillingRow.swift */; };
		02E76E412CC30A58002AC504 /* TutorBillingRow.swift in Sources */ = {isa = PBXBuildFile; fileRef = 02E76E402CC30A53002AC504 /* TutorBillingRow.swift */; };
		02E7B1BB2C90769300EE73A3 /* DataCounts.swift in Sources */ = {isa = PBXBuildFile; fileRef = 02E7B1BA2C90769300EE73A3 /* DataCounts.swift */; };
		02F6D0E12C8BE306007AB4D4 /* TutorService.swift in Sources */ = {isa = PBXBuildFile; fileRef = 02F6D0E02C8BE306007AB4D4 /* TutorService.swift */; };
		02F6D0E32C8BE321007AB4D4 /* TutorStudent.swift in Sources */ = {isa = PBXBuildFile; fileRef = 02F6D0E22C8BE321007AB4D4 /* TutorStudent.swift */; };
		02F8646F2CD0129A00A4E140 /* SystemVM.swift in Sources */ = {isa = PBXBuildFile; fileRef = 02F8646E2CD0128A00A4E140 /* SystemVM.swift */; };
/* End PBXBuildFile section */

/* Begin PBXCopyFilesBuildPhase section */
		029D22032CEECCF500A54846 /* Embed Frameworks */ = {
			isa = PBXCopyFilesBuildPhase;
			buildActionMask = 2147483647;
			dstPath = "";
			dstSubfolderSpec = 10;
			files = (
				029D22022CEECCF500A54846 /* Pods_WSAdmin.framework in Embed Frameworks */,
			);
			name = "Embed Frameworks";
			runOnlyForDeploymentPostprocessing = 0;
		};
/* End PBXCopyFilesBuildPhase section */

/* Begin PBXFileReference section */
		020557372CA65FA800F4F7EB /* TutorServicesView.swift */ = {isa = PBXFileReference; lastKnownFileType = sourcecode.swift; path = TutorServicesView.swift; sourceTree = "<group>"; };
		020BF3222CD88871000890AF /* LocationListView.swift */ = {isa = PBXFileReference; lastKnownFileType = sourcecode.swift; path = LocationListView.swift; sourceTree = "<group>"; };
		020BF3242CD888F8000890AF /* ServiceListView.swift */ = {isa = PBXFileReference; lastKnownFileType = sourcecode.swift; path = ServiceListView.swift; sourceTree = "<group>"; };
		020BF3262CD8890F000890AF /* TutorListView.swift */ = {isa = PBXFileReference; lastKnownFileType = sourcecode.swift; path = TutorListView.swift; sourceTree = "<group>"; };
		020BF3282CD88938000890AF /* StudentListView.swift */ = {isa = PBXFileReference; lastKnownFileType = sourcecode.swift; path = StudentListView.swift; sourceTree = "<group>"; };
		020BF32A2CD8F15A000890AF /* ServiceSelectionView.swift */ = {isa = PBXFileReference; lastKnownFileType = sourcecode.swift; path = ServiceSelectionView.swift; sourceTree = "<group>"; };
		020BF32C2CD8F191000890AF /* TutorSelectionView.swift */ = {isa = PBXFileReference; lastKnownFileType = sourcecode.swift; path = TutorSelectionView.swift; sourceTree = "<group>"; };
		020BF32E2CD8F1E3000890AF /* TutorServiceSelectionView.swift */ = {isa = PBXFileReference; lastKnownFileType = sourcecode.swift; path = TutorServiceSelectionView.swift; sourceTree = "<group>"; };
		020BF3302CD8F21C000890AF /* StudentSelectionView.swift */ = {isa = PBXFileReference; lastKnownFileType = sourcecode.swift; path = StudentSelectionView.swift; sourceTree = "<group>"; };
		025232A82CEAB4340071A995 /* TutorServiceListSelectionView.swift */ = {isa = PBXFileReference; lastKnownFileType = sourcecode.swift; path = TutorServiceListSelectionView.swift; sourceTree = "<group>"; };
		02863C832CB484FB002FE12B /* ServiceCostByTutorView.swift */ = {isa = PBXFileReference; lastKnownFileType = sourcecode.swift; path = ServiceCostByTutorView.swift; sourceTree = "<group>"; };
		02863C852CB4877A002FE12B /* TutorServiceCost.swift */ = {isa = PBXFileReference; lastKnownFileType = sourcecode.swift; path = TutorServiceCost.swift; sourceTree = "<group>"; };
		02863C872CB4884B002FE12B /* TutorServiceCostList.swift */ = {isa = PBXFileReference; lastKnownFileType = sourcecode.swift; path = TutorServiceCostList.swift; sourceTree = "<group>"; };
		029E4E082CCACDA20080AD4E /* BillArray.swift */ = {isa = PBXFileReference; lastKnownFileType = sourcecode.swift; path = BillArray.swift; sourceTree = "<group>"; };
		029E4E0A2CCACEC30080AD4E /* BillItem.swift */ = {isa = PBXFileReference; lastKnownFileType = sourcecode.swift; path = BillItem.swift; sourceTree = "<group>"; };
		029E4E0C2CCAD0600080AD4E /* BillClient.swift */ = {isa = PBXFileReference; lastKnownFileType = sourcecode.swift; path = BillClient.swift; sourceTree = "<group>"; };
		02A39F172C6B8B5C00C1FB4B /* WSAdmin.app */ = {isa = PBXFileReference; explicitFileType = wrapper.application; includeInIndex = 0; path = WSAdmin.app; sourceTree = BUILT_PRODUCTS_DIR; };
		02A39F1A2C6B8B5C00C1FB4B /* WSAdmin.swift */ = {isa = PBXFileReference; lastKnownFileType = sourcecode.swift; path = WSAdmin.swift; sourceTree = "<group>"; };
		02A39F1C2C6B8B5C00C1FB4B /* ContentView.swift */ = {isa = PBXFileReference; lastKnownFileType = sourcecode.swift; path = ContentView.swift; sourceTree = "<group>"; };
		02A39F1E2C6B8B6200C1FB4B /* Assets.xcassets */ = {isa = PBXFileReference; lastKnownFileType = folder.assetcatalog; path = Assets.xcassets; sourceTree = "<group>"; };
		02A39F212C6B8B6200C1FB4B /* Preview Assets.xcassets */ = {isa = PBXFileReference; lastKnownFileType = folder.assetcatalog; path = "Preview Assets.xcassets"; sourceTree = "<group>"; };
		02A39F232C6B8B6200C1FB4B /* WSAdmin.entitlements */ = {isa = PBXFileReference; lastKnownFileType = text.plist.entitlements; path = WSAdmin.entitlements; sourceTree = "<group>"; };
		02A4775A2CBCC335001AA1AA /* Utilities.swift */ = {isa = PBXFileReference; lastKnownFileType = sourcecode.swift; path = Utilities.swift; sourceTree = "<group>"; };
		02AC9BB22C855BF8007391A7 /* UserAuthVM.swift */ = {isa = PBXFileReference; lastKnownFileType = sourcecode.swift; path = UserAuthVM.swift; sourceTree = "<group>"; };
		02AC9BB42C855C7B007391A7 /* SignInView.swift */ = {isa = PBXFileReference; lastKnownFileType = sourcecode.swift; path = SignInView.swift; sourceTree = "<group>"; };
		02AC9BB62C855CB9007391A7 /* Info.plist */ = {isa = PBXFileReference; lastKnownFileType = text.plist.xml; path = Info.plist; sourceTree = "<group>"; };
		02AC9BB82C8614B1007391A7 /* DataMgmtView.swift */ = {isa = PBXFileReference; lastKnownFileType = sourcecode.swift; path = DataMgmtView.swift; sourceTree = "<group>"; };
		02AC9BBA2C8645E1007391A7 /* RefDataVM.swift */ = {isa = PBXFileReference; lastKnownFileType = sourcecode.swift; path = RefDataVM.swift; sourceTree = "<group>"; };
		02AC9BBF2C889F9A007391A7 /* Student.swift */ = {isa = PBXFileReference; lastKnownFileType = sourcecode.swift; path = Student.swift; sourceTree = "<group>"; };
		02AC9BC12C88A161007391A7 /* StudentsList.swift */ = {isa = PBXFileReference; lastKnownFileType = sourcecode.swift; path = StudentsList.swift; sourceTree = "<group>"; };
		02AC9BC42C88A66D007391A7 /* Tutor.swift */ = {isa = PBXFileReference; lastKnownFileType = sourcecode.swift; path = Tutor.swift; sourceTree = "<group>"; };
		02AC9BC62C88A68A007391A7 /* TutorsList.swift */ = {isa = PBXFileReference; lastKnownFileType = sourcecode.swift; path = TutorsList.swift; sourceTree = "<group>"; };
		02AC9BC82C88A6A5007391A7 /* Service.swift */ = {isa = PBXFileReference; lastKnownFileType = sourcecode.swift; path = Service.swift; sourceTree = "<group>"; };
		02AC9BCA2C88A6BA007391A7 /* ServicesList.swift */ = {isa = PBXFileReference; lastKnownFileType = sourcecode.swift; path = ServicesList.swift; sourceTree = "<group>"; };
		02AC9BCC2C88A6C9007391A7 /* Location.swift */ = {isa = PBXFileReference; lastKnownFileType = sourcecode.swift; path = Location.swift; sourceTree = "<group>"; };
		02AC9BCE2C88A6DB007391A7 /* LocationsList.swift */ = {isa = PBXFileReference; lastKnownFileType = sourcecode.swift; path = LocationsList.swift; sourceTree = "<group>"; };
		02AC9BD02C892B0F007391A7 /* TutorView.swift */ = {isa = PBXFileReference; lastKnownFileType = sourcecode.swift; path = TutorView.swift; sourceTree = "<group>"; };
		02AC9BD22C892B49007391A7 /* StudentView.swift */ = {isa = PBXFileReference; lastKnownFileType = sourcecode.swift; path = StudentView.swift; sourceTree = "<group>"; };
		02AC9BD42C894BFC007391A7 /* StudentMgmtVM.swift */ = {isa = PBXFileReference; lastKnownFileType = sourcecode.swift; path = StudentMgmtVM.swift; sourceTree = "<group>"; };
		02AC9BD62C894E69007391A7 /* TutorMgmtVM.swift */ = {isa = PBXFileReference; lastKnownFileType = sourcecode.swift; path = TutorMgmtVM.swift; sourceTree = "<group>"; };
		02BD576C2C9329EF00A85EEF /* TutorDataCounts.swift */ = {isa = PBXFileReference; lastKnownFileType = sourcecode.swift; path = TutorDataCounts.swift; sourceTree = "<group>"; };
		02C8BEF12C9F145200EAB9DE /* TutorStudentsView.swift */ = {isa = PBXFileReference; lastKnownFileType = sourcecode.swift; path = TutorStudentsView.swift; sourceTree = "<group>"; };
		02CA8C1B2CAB3CD700CCD03C /* TutorServiceView.swift */ = {isa = PBXFileReference; lastKnownFileType = sourcecode.swift; path = TutorServiceView.swift; sourceTree = "<group>"; };
		02DD5A492C8A0FFA002893AD /* ServiceMgmtVM.swift */ = {isa = PBXFileReference; lastKnownFileType = sourcecode.swift; path = ServiceMgmtVM.swift; sourceTree = "<group>"; };
		02DD5A4B2C8A1015002893AD /* LocationMgmtVM.swift */ = {isa = PBXFileReference; lastKnownFileType = sourcecode.swift; path = LocationMgmtVM.swift; sourceTree = "<group>"; };
		02DD5A4D2C8A141A002893AD /* ServiceView.swift */ = {isa = PBXFileReference; lastKnownFileType = sourcecode.swift; path = ServiceView.swift; sourceTree = "<group>"; };
		02DD5A4F2C8A1428002893AD /* LocationView.swift */ = {isa = PBXFileReference; lastKnownFileType = sourcecode.swift; path = LocationView.swift; sourceTree = "<group>"; };
		02E76DF92CBDBCD6002AC504 /* BillingView.swift */ = {isa = PBXFileReference; lastKnownFileType = sourcecode.swift; path = BillingView.swift; sourceTree = "<group>"; };
		02E76DFB2CBDD164002AC504 /* BillingVM.swift */ = {isa = PBXFileReference; lastKnownFileType = sourcecode.swift; path = BillingVM.swift; sourceTree = "<group>"; };
		02E76DFD2CBDDAA2002AC504 /* InvoiceView.swift */ = {isa = PBXFileReference; lastKnownFileType = sourcecode.swift; path = InvoiceView.swift; sourceTree = "<group>"; };
		02E76DFF2CBDF99F002AC504 /* InvoiceLine.swift */ = {isa = PBXFileReference; lastKnownFileType = sourcecode.swift; path = InvoiceLine.swift; sourceTree = "<group>"; };
		02E76E012CBDFA14002AC504 /* Invoice.swift */ = {isa = PBXFileReference; lastKnownFileType = sourcecode.swift; path = Invoice.swift; sourceTree = "<group>"; };
		02E76E032CBF0B23002AC504 /* TimesheetRow.swift */ = {isa = PBXFileReference; lastKnownFileType = sourcecode.swift; path = TimesheetRow.swift; sourceTree = "<group>"; };
		02E76E052CBF0D60002AC504 /* Timesheet.swift */ = {isa = PBXFileReference; lastKnownFileType = sourcecode.swift; path = Timesheet.swift; sourceTree = "<group>"; };
		02E76E0A2CC1FEFB002AC504 /* AppAuth.framework */ = {isa = PBXFileReference; explicitFileType = wrapper.framework; path = AppAuth.framework; sourceTree = BUILT_PRODUCTS_DIR; };
		02E76E0B2CC1FEFB002AC504 /* AppAuthCore_Privacy.bundle */ = {isa = PBXFileReference; explicitFileType = wrapper.cfbundle; path = AppAuthCore_Privacy.bundle; sourceTree = BUILT_PRODUCTS_DIR; };
		02E76E0C2CC1FEFB002AC504 /* GoogleAPIClientForREST_Privacy.bundle */ = {isa = PBXFileReference; explicitFileType = wrapper.cfbundle; path = GoogleAPIClientForREST_Privacy.bundle; sourceTree = BUILT_PRODUCTS_DIR; };
		02E76E0D2CC1FEFB002AC504 /* GoogleAPIClientForREST.framework */ = {isa = PBXFileReference; explicitFileType = wrapper.framework; path = GoogleAPIClientForREST.framework; sourceTree = BUILT_PRODUCTS_DIR; };
		02E76E0E2CC1FEFB002AC504 /* GoogleSignIn.bundle */ = {isa = PBXFileReference; explicitFileType = wrapper.cfbundle; path = GoogleSignIn.bundle; sourceTree = BUILT_PRODUCTS_DIR; };
		02E76E0F2CC1FEFB002AC504 /* GoogleSignIn.framework */ = {isa = PBXFileReference; explicitFileType = wrapper.framework; path = GoogleSignIn.framework; sourceTree = BUILT_PRODUCTS_DIR; };
		02E76E102CC1FEFB002AC504 /* GoogleSignInSwift.framework */ = {isa = PBXFileReference; explicitFileType = wrapper.framework; path = GoogleSignInSwift.framework; sourceTree = BUILT_PRODUCTS_DIR; };
		02E76E112CC1FEFB002AC504 /* GoogleSignInSwiftSupport_Privacy.bundle */ = {isa = PBXFileReference; explicitFileType = wrapper.cfbundle; path = GoogleSignInSwiftSupport_Privacy.bundle; sourceTree = BUILT_PRODUCTS_DIR; };
		02E76E122CC1FEFB002AC504 /* GTMAppAuth_Privacy.bundle */ = {isa = PBXFileReference; explicitFileType = wrapper.cfbundle; path = GTMAppAuth_Privacy.bundle; sourceTree = BUILT_PRODUCTS_DIR; };
		02E76E132CC1FEFB002AC504 /* GTMAppAuth.framework */ = {isa = PBXFileReference; explicitFileType = wrapper.framework; path = GTMAppAuth.framework; sourceTree = BUILT_PRODUCTS_DIR; };
		02E76E142CC1FEFB002AC504 /* GTMSessionFetcher_Core_Privacy.bundle */ = {isa = PBXFileReference; explicitFileType = wrapper.cfbundle; path = GTMSessionFetcher_Core_Privacy.bundle; sourceTree = BUILT_PRODUCTS_DIR; };
		02E76E152CC1FEFB002AC504 /* GTMSessionFetcher_Full_Privacy.bundle */ = {isa = PBXFileReference; explicitFileType = wrapper.cfbundle; path = GTMSessionFetcher_Full_Privacy.bundle; sourceTree = BUILT_PRODUCTS_DIR; };
		02E76E162CC1FEFB002AC504 /* GTMSessionFetcher.framework */ = {isa = PBXFileReference; explicitFileType = wrapper.framework; path = GTMSessionFetcher.framework; sourceTree = BUILT_PRODUCTS_DIR; };
		02E76E3A2CC309FB002AC504 /* StudentBillingMonth.swift */ = {isa = PBXFileReference; lastKnownFileType = sourcecode.swift; path = StudentBillingMonth.swift; sourceTree = "<group>"; };
		02E76E3C2CC30A34002AC504 /* TutorBillingMonth.swift */ = {isa = PBXFileReference; lastKnownFileType = sourcecode.swift; path = TutorBillingMonth.swift; sourceTree = "<group>"; };
		02E76E3E2CC30A42002AC504 /* StudentBillingRow.swift */ = {isa = PBXFileReference; lastKnownFileType = sourcecode.swift; path = StudentBillingRow.swift; sourceTree = "<group>"; };
		02E76E402CC30A53002AC504 /* TutorBillingRow.swift */ = {isa = PBXFileReference; lastKnownFileType = sourcecode.swift; path = TutorBillingRow.swift; sourceTree = "<group>"; };
		02E7B1BA2C90769300EE73A3 /* DataCounts.swift */ = {isa = PBXFileReference; lastKnownFileType = sourcecode.swift; path = DataCounts.swift; sourceTree = "<group>"; };
		02F6D0E02C8BE306007AB4D4 /* TutorService.swift */ = {isa = PBXFileReference; lastKnownFileType = sourcecode.swift; name = TutorService.swift; path = WSAdmin/Views/TutorService.swift; sourceTree = SOURCE_ROOT; };
		02F6D0E22C8BE321007AB4D4 /* TutorStudent.swift */ = {isa = PBXFileReference; lastKnownFileType = sourcecode.swift; path = TutorStudent.swift; sourceTree = "<group>"; };
		02F8646E2CD0128A00A4E140 /* SystemVM.swift */ = {isa = PBXFileReference; lastKnownFileType = sourcecode.swift; path = SystemVM.swift; sourceTree = "<group>"; };
		155C162A0215761C62AC6D29 /* Pods_WSAdmin.framework */ = {isa = PBXFileReference; explicitFileType = wrapper.framework; includeInIndex = 0; path = Pods_WSAdmin.framework; sourceTree = BUILT_PRODUCTS_DIR; };
		60A449B919D5EA4EE3D8FA59 /* Pods-WSAdmin.release.xcconfig */ = {isa = PBXFileReference; includeInIndex = 1; lastKnownFileType = text.xcconfig; name = "Pods-WSAdmin.release.xcconfig"; path = "Target Support Files/Pods-WSAdmin/Pods-WSAdmin.release.xcconfig"; sourceTree = "<group>"; };
		99CA4DE900057EDDC4591E5B /* Pods-WSAdmin.debug.xcconfig */ = {isa = PBXFileReference; includeInIndex = 1; lastKnownFileType = text.xcconfig; name = "Pods-WSAdmin.debug.xcconfig"; path = "Target Support Files/Pods-WSAdmin/Pods-WSAdmin.debug.xcconfig"; sourceTree = "<group>"; };
/* End PBXFileReference section */

/* Begin PBXFrameworksBuildPhase section */
		02A39F142C6B8B5C00C1FB4B /* Frameworks */ = {
			isa = PBXFrameworksBuildPhase;
			buildActionMask = 2147483647;
			files = (
				02E76E072CC1FB82002AC504 /* Pods_WSAdmin.framework in Frameworks */,
			);
			runOnlyForDeploymentPostprocessing = 0;
		};
/* End PBXFrameworksBuildPhase section */

/* Begin PBXGroup section */
		02A028742CE4325A0081E569 /* Services */ = {
			isa = PBXGroup;
			children = (
				02A4775A2CBCC335001AA1AA /* Utilities.swift */,
			);
			path = Services;
			sourceTree = "<group>";
		};
		02A39F0E2C6B8B5C00C1FB4B = {
			isa = PBXGroup;
			children = (
				02A39F192C6B8B5C00C1FB4B /* WSAdmin */,
				02A39F182C6B8B5C00C1FB4B /* Products */,
				573D9734A32E6C70B06B4CC6 /* Pods */,
				3769CA9B5C405B6720DC40E2 /* Frameworks */,
			);
			sourceTree = "<group>";
		};
		02A39F182C6B8B5C00C1FB4B /* Products */ = {
			isa = PBXGroup;
			children = (
				02A39F172C6B8B5C00C1FB4B /* WSAdmin.app */,
			);
			name = Products;
			sourceTree = "<group>";
		};
		02A39F192C6B8B5C00C1FB4B /* WSAdmin */ = {
			isa = PBXGroup;
			children = (
				02AC9BB62C855CB9007391A7 /* Info.plist */,
				02A39F1A2C6B8B5C00C1FB4B /* WSAdmin.swift */,
				02A028742CE4325A0081E569 /* Services */,
				02AC9BC32C88A34A007391A7 /* DataModels */,
				02AC9BBE2C8895A5007391A7 /* ViewModels */,
				02AC9BBC2C889569007391A7 /* Views */,
				02A39F1E2C6B8B6200C1FB4B /* Assets.xcassets */,
				02A39F232C6B8B6200C1FB4B /* WSAdmin.entitlements */,
				02A39F202C6B8B6200C1FB4B /* Preview Content */,
			);
			path = WSAdmin;
			sourceTree = "<group>";
		};
		02A39F202C6B8B6200C1FB4B /* Preview Content */ = {
			isa = PBXGroup;
			children = (
				02A39F212C6B8B6200C1FB4B /* Preview Assets.xcassets */,
			);
			path = "Preview Content";
			sourceTree = "<group>";
		};
		02AC9BBC2C889569007391A7 /* Views */ = {
			isa = PBXGroup;
			children = (
				02A39F1C2C6B8B5C00C1FB4B /* ContentView.swift */,
				02AC9BB82C8614B1007391A7 /* DataMgmtView.swift */,
				02E76DF92CBDBCD6002AC504 /* BillingView.swift */,
				02E76DFD2CBDDAA2002AC504 /* InvoiceView.swift */,
				02AC9BD02C892B0F007391A7 /* TutorView.swift */,
				020BF3262CD8890F000890AF /* TutorListView.swift */,
				02DD5A4D2C8A141A002893AD /* ServiceView.swift */,
				020BF3242CD888F8000890AF /* ServiceListView.swift */,
				02AC9BD22C892B49007391A7 /* StudentView.swift */,
				020BF3282CD88938000890AF /* StudentListView.swift */,
				02DD5A4F2C8A1428002893AD /* LocationView.swift */,
				020BF3222CD88871000890AF /* LocationListView.swift */,
				02CA8C1B2CAB3CD700CCD03C /* TutorServiceView.swift */,
				02C8BEF12C9F145200EAB9DE /* TutorStudentsView.swift */,
				020557372CA65FA800F4F7EB /* TutorServicesView.swift */,
				020BF32C2CD8F191000890AF /* TutorSelectionView.swift */,
				020BF32E2CD8F1E3000890AF /* TutorServiceSelectionView.swift */,
				025232A82CEAB4340071A995 /* TutorServiceListSelectionView.swift */,
				020BF32A2CD8F15A000890AF /* ServiceSelectionView.swift */,
				020BF3302CD8F21C000890AF /* StudentSelectionView.swift */,
				02863C832CB484FB002FE12B /* ServiceCostByTutorView.swift */,
				02AC9BB42C855C7B007391A7 /* SignInView.swift */,
			);
			path = Views;
			sourceTree = "<group>";
		};
		02AC9BBE2C8895A5007391A7 /* ViewModels */ = {
			isa = PBXGroup;
			children = (
				02F8646E2CD0128A00A4E140 /* SystemVM.swift */,
				02E76DFB2CBDD164002AC504 /* BillingVM.swift */,
				02AC9BB22C855BF8007391A7 /* UserAuthVM.swift */,
				02AC9BBA2C8645E1007391A7 /* RefDataVM.swift */,
				02AC9BD42C894BFC007391A7 /* StudentMgmtVM.swift */,
				02AC9BD62C894E69007391A7 /* TutorMgmtVM.swift */,
				02DD5A492C8A0FFA002893AD /* ServiceMgmtVM.swift */,
				02DD5A4B2C8A1015002893AD /* LocationMgmtVM.swift */,
			);
			name = ViewModels;
			path = ..;
			sourceTree = "<group>";
		};
		02AC9BC32C88A34A007391A7 /* DataModels */ = {
			isa = PBXGroup;
			children = (
				02E76E3E2CC30A42002AC504 /* StudentBillingRow.swift */,
				02E76E3A2CC309FB002AC504 /* StudentBillingMonth.swift */,
				02E76E402CC30A53002AC504 /* TutorBillingRow.swift */,
				02E76E3C2CC30A34002AC504 /* TutorBillingMonth.swift */,
				02E76DFF2CBDF99F002AC504 /* InvoiceLine.swift */,
				02E76E012CBDFA14002AC504 /* Invoice.swift */,
				029E4E082CCACDA20080AD4E /* BillArray.swift */,
				029E4E0C2CCAD0600080AD4E /* BillClient.swift */,
				029E4E0A2CCACEC30080AD4E /* BillItem.swift */,
				02E76E032CBF0B23002AC504 /* TimesheetRow.swift */,
				02E76E052CBF0D60002AC504 /* Timesheet.swift */,
				02BD576C2C9329EF00A85EEF /* TutorDataCounts.swift */,
				02AC9BBF2C889F9A007391A7 /* Student.swift */,
				02AC9BC12C88A161007391A7 /* StudentsList.swift */,
				02AC9BC42C88A66D007391A7 /* Tutor.swift */,
				02AC9BC62C88A68A007391A7 /* TutorsList.swift */,
				02AC9BC82C88A6A5007391A7 /* Service.swift */,
				02AC9BCA2C88A6BA007391A7 /* ServicesList.swift */,
				02F6D0E02C8BE306007AB4D4 /* TutorService.swift */,
				02863C852CB4877A002FE12B /* TutorServiceCost.swift */,
				02863C872CB4884B002FE12B /* TutorServiceCostList.swift */,
				02F6D0E22C8BE321007AB4D4 /* TutorStudent.swift */,
				02AC9BCC2C88A6C9007391A7 /* Location.swift */,
				02AC9BCE2C88A6DB007391A7 /* LocationsList.swift */,
				02E7B1BA2C90769300EE73A3 /* DataCounts.swift */,
			);
			path = DataModels;
			sourceTree = "<group>";
		};
		3769CA9B5C405B6720DC40E2 /* Frameworks */ = {
			isa = PBXGroup;
			children = (
				02E76E0A2CC1FEFB002AC504 /* AppAuth.framework */,
				02E76E0B2CC1FEFB002AC504 /* AppAuthCore_Privacy.bundle */,
				02E76E0C2CC1FEFB002AC504 /* GoogleAPIClientForREST_Privacy.bundle */,
				02E76E0D2CC1FEFB002AC504 /* GoogleAPIClientForREST.framework */,
				02E76E0E2CC1FEFB002AC504 /* GoogleSignIn.bundle */,
				02E76E0F2CC1FEFB002AC504 /* GoogleSignIn.framework */,
				02E76E102CC1FEFB002AC504 /* GoogleSignInSwift.framework */,
				02E76E112CC1FEFB002AC504 /* GoogleSignInSwiftSupport_Privacy.bundle */,
				02E76E122CC1FEFB002AC504 /* GTMAppAuth_Privacy.bundle */,
				02E76E132CC1FEFB002AC504 /* GTMAppAuth.framework */,
				02E76E142CC1FEFB002AC504 /* GTMSessionFetcher_Core_Privacy.bundle */,
				02E76E152CC1FEFB002AC504 /* GTMSessionFetcher_Full_Privacy.bundle */,
				02E76E162CC1FEFB002AC504 /* GTMSessionFetcher.framework */,
				155C162A0215761C62AC6D29 /* Pods_WSAdmin.framework */,
			);
			name = Frameworks;
			sourceTree = "<group>";
		};
		573D9734A32E6C70B06B4CC6 /* Pods */ = {
			isa = PBXGroup;
			children = (
				99CA4DE900057EDDC4591E5B /* Pods-WSAdmin.debug.xcconfig */,
				60A449B919D5EA4EE3D8FA59 /* Pods-WSAdmin.release.xcconfig */,
			);
			path = Pods;
			sourceTree = "<group>";
		};
/* End PBXGroup section */

/* Begin PBXNativeTarget section */
		02A39F162C6B8B5C00C1FB4B /* WSAdmin */ = {
			isa = PBXNativeTarget;
			buildConfigurationList = 02A39F262C6B8B6200C1FB4B /* Build configuration list for PBXNativeTarget "WSAdmin" */;
			buildPhases = (
				3CEBD8EDD0E6EE50A406E927 /* [CP] Check Pods Manifest.lock */,
				02A39F132C6B8B5C00C1FB4B /* Sources */,
				02A39F142C6B8B5C00C1FB4B /* Frameworks */,
				02A39F152C6B8B5C00C1FB4B /* Resources */,
				505EE347AD1E2F08E788E731 /* [CP] Embed Pods Frameworks */,
				029D22032CEECCF500A54846 /* Embed Frameworks */,
			);
			buildRules = (
			);
			dependencies = (
			);
			name = WSAdmin;
			productName = WSAdmin;
			productReference = 02A39F172C6B8B5C00C1FB4B /* WSAdmin.app */;
			productType = "com.apple.product-type.application";
		};
/* End PBXNativeTarget section */

/* Begin PBXProject section */
		02A39F0F2C6B8B5C00C1FB4B /* Project object */ = {
			isa = PBXProject;
			attributes = {
				BuildIndependentTargetsInParallel = 1;
				LastSwiftUpdateCheck = 1510;
				LastUpgradeCheck = 1510;
				TargetAttributes = {
					02A39F162C6B8B5C00C1FB4B = {
						CreatedOnToolsVersion = 15.1;
					};
				};
			};
			buildConfigurationList = 02A39F122C6B8B5C00C1FB4B /* Build configuration list for PBXProject "WSAdmin" */;
			compatibilityVersion = "Xcode 14.0";
			developmentRegion = en;
			hasScannedForEncodings = 0;
			knownRegions = (
				en,
				Base,
			);
			mainGroup = 02A39F0E2C6B8B5C00C1FB4B;
			productRefGroup = 02A39F182C6B8B5C00C1FB4B /* Products */;
			projectDirPath = "";
			projectRoot = "";
			targets = (
				02A39F162C6B8B5C00C1FB4B /* WSAdmin */,
			);
		};
/* End PBXProject section */

/* Begin PBXResourcesBuildPhase section */
		02A39F152C6B8B5C00C1FB4B /* Resources */ = {
			isa = PBXResourcesBuildPhase;
			buildActionMask = 2147483647;
			files = (
				02A39F222C6B8B6200C1FB4B /* Preview Assets.xcassets in Resources */,
				02A39F1F2C6B8B6200C1FB4B /* Assets.xcassets in Resources */,
			);
			runOnlyForDeploymentPostprocessing = 0;
		};
/* End PBXResourcesBuildPhase section */

/* Begin PBXShellScriptBuildPhase section */
		3CEBD8EDD0E6EE50A406E927 /* [CP] Check Pods Manifest.lock */ = {
			isa = PBXShellScriptBuildPhase;
			buildActionMask = 2147483647;
			files = (
			);
			inputFileListPaths = (
			);
			inputPaths = (
				"${PODS_PODFILE_DIR_PATH}/Podfile.lock",
				"${PODS_ROOT}/Manifest.lock",
			);
			name = "[CP] Check Pods Manifest.lock";
			outputFileListPaths = (
			);
			outputPaths = (
				"$(DERIVED_FILE_DIR)/Pods-WSAdmin-checkManifestLockResult.txt",
			);
			runOnlyForDeploymentPostprocessing = 0;
			shellPath = /bin/sh;
			shellScript = "diff \"${PODS_PODFILE_DIR_PATH}/Podfile.lock\" \"${PODS_ROOT}/Manifest.lock\" > /dev/null\nif [ $? != 0 ] ; then\n    # print error to STDERR\n    echo \"error: The sandbox is not in sync with the Podfile.lock. Run 'pod install' or update your CocoaPods installation.\" >&2\n    exit 1\nfi\n# This output is used by Xcode 'outputs' to avoid re-running this script phase.\necho \"SUCCESS\" > \"${SCRIPT_OUTPUT_FILE_0}\"\n";
			showEnvVarsInLog = 0;
		};
		505EE347AD1E2F08E788E731 /* [CP] Embed Pods Frameworks */ = {
			isa = PBXShellScriptBuildPhase;
			buildActionMask = 2147483647;
			files = (
			);
			inputFileListPaths = (
				"${PODS_ROOT}/Target Support Files/Pods-WSAdmin/Pods-WSAdmin-frameworks-${CONFIGURATION}-input-files.xcfilelist",
			);
			name = "[CP] Embed Pods Frameworks";
			outputFileListPaths = (
				"${PODS_ROOT}/Target Support Files/Pods-WSAdmin/Pods-WSAdmin-frameworks-${CONFIGURATION}-output-files.xcfilelist",
			);
			runOnlyForDeploymentPostprocessing = 0;
			shellPath = /bin/sh;
			shellScript = "\"${PODS_ROOT}/Target Support Files/Pods-WSAdmin/Pods-WSAdmin-frameworks.sh\"\n";
			showEnvVarsInLog = 0;
		};
/* End PBXShellScriptBuildPhase section */

/* Begin PBXSourcesBuildPhase section */
		02A39F132C6B8B5C00C1FB4B /* Sources */ = {
			isa = PBXSourcesBuildPhase;
			buildActionMask = 2147483647;
			files = (
				020BF3272CD88916000890AF /* TutorListView.swift in Sources */,
				02AC9BB32C855BF8007391A7 /* UserAuthVM.swift in Sources */,
				02AC9BCB2C88A6BA007391A7 /* ServicesList.swift in Sources */,
				02AC9BC52C88A66D007391A7 /* Tutor.swift in Sources */,
				020BF3312CD8F223000890AF /* StudentSelectionView.swift in Sources */,
				02E76E002CBDF9A6002AC504 /* InvoiceLine.swift in Sources */,
				02A39F1D2C6B8B5C00C1FB4B /* ContentView.swift in Sources */,
				02AC9BC92C88A6A5007391A7 /* Service.swift in Sources */,
				02AC9BB92C8614B1007391A7 /* DataMgmtView.swift in Sources */,
				02AC9BD52C894BFC007391A7 /* StudentMgmtVM.swift in Sources */,
				020BF32F2CD8F1F0000890AF /* TutorServiceSelectionView.swift in Sources */,
				02AC9BC22C88A161007391A7 /* StudentsList.swift in Sources */,
				02AC9BB52C855C7B007391A7 /* SignInView.swift in Sources */,
				02DD5A4A2C8A0FFA002893AD /* ServiceMgmtVM.swift in Sources */,
				02AC9BCF2C88A6DC007391A7 /* LocationsList.swift in Sources */,
				02AC9BC72C88A68A007391A7 /* TutorsList.swift in Sources */,
				02E76E042CBF0B3B002AC504 /* TimesheetRow.swift in Sources */,
				02CA8C1C2CAB3CD700CCD03C /* TutorServiceView.swift in Sources */,
				02863C862CB4878B002FE12B /* TutorServiceCost.swift in Sources */,
				02E76E022CBDFA39002AC504 /* Invoice.swift in Sources */,
				029E4E0B2CCACEC90080AD4E /* BillItem.swift in Sources */,
				02E7B1BB2C90769300EE73A3 /* DataCounts.swift in Sources */,
				02E76E062CBF0D68002AC504 /* Timesheet.swift in Sources */,
				02E76E3B2CC30A2C002AC504 /* StudentBillingMonth.swift in Sources */,
				02DD5A4C2C8A1015002893AD /* LocationMgmtVM.swift in Sources */,
				025232A92CEAB44E0071A995 /* TutorServiceListSelectionView.swift in Sources */,
				029E4E092CCACDB00080AD4E /* BillArray.swift in Sources */,
				02A39F1B2C6B8B5C00C1FB4B /* WSAdmin.swift in Sources */,
				02AC9BD72C894E69007391A7 /* TutorMgmtVM.swift in Sources */,
				02AC9BD32C892B49007391A7 /* StudentView.swift in Sources */,
				02DD5A4E2C8A141A002893AD /* ServiceView.swift in Sources */,
				02E76E3D2CC30A3D002AC504 /* TutorBillingMonth.swift in Sources */,
				02E76DFE2CBDDAAF002AC504 /* InvoiceView.swift in Sources */,
				02BD576D2C9329EF00A85EEF /* TutorDataCounts.swift in Sources */,
				020BF3292CD8893F000890AF /* StudentListView.swift in Sources */,
				02863C842CB48508002FE12B /* ServiceCostByTutorView.swift in Sources */,
				020BF32D2CD8F198000890AF /* TutorSelectionView.swift in Sources */,
				020557382CA65FA800F4F7EB /* TutorServicesView.swift in Sources */,
				029E4E0D2CCAD0780080AD4E /* BillClient.swift in Sources */,
				02AC9BD12C892B0F007391A7 /* TutorView.swift in Sources */,
				020BF32B2CD8F162000890AF /* ServiceSelectionView.swift in Sources */,
				02A4775B2CBCC34D001AA1AA /* Utilities.swift in Sources */,
				02F6D0E32C8BE321007AB4D4 /* TutorStudent.swift in Sources */,
				02863C882CB48856002FE12B /* TutorServiceCostList.swift in Sources */,
				02E76DFC2CBDD16A002AC504 /* BillingVM.swift in Sources */,
				02AC9BC02C889F9A007391A7 /* Student.swift in Sources */,
				02F8646F2CD0129A00A4E140 /* SystemVM.swift in Sources */,
				02E76E3F2CC30A4D002AC504 /* StudentBillingRow.swift in Sources */,
				02AC9BCD2C88A6C9007391A7 /* Location.swift in Sources */,
				02DD5A502C8A1428002893AD /* LocationView.swift in Sources */,
				020BF3232CD8887F000890AF /* LocationListView.swift in Sources */,
				02E76E412CC30A58002AC504 /* TutorBillingRow.swift in Sources */,
				02AC9BBB2C8645E1007391A7 /* RefDataVM.swift in Sources */,
				020BF3252CD88901000890AF /* ServiceListView.swift in Sources */,
				02F6D0E12C8BE306007AB4D4 /* TutorService.swift in Sources */,
				02E76DFA2CBDBCD6002AC504 /* BillingView.swift in Sources */,
				02C8BEF22C9F145200EAB9DE /* TutorStudentsView.swift in Sources */,
			);
			runOnlyForDeploymentPostprocessing = 0;
		};
/* End PBXSourcesBuildPhase section */

/* Begin XCBuildConfiguration section */
		02A39F242C6B8B6200C1FB4B /* Debug */ = {
			isa = XCBuildConfiguration;
			buildSettings = {
				ALWAYS_SEARCH_USER_PATHS = NO;
				ASSETCATALOG_COMPILER_GENERATE_SWIFT_ASSET_SYMBOL_EXTENSIONS = YES;
				CLANG_ANALYZER_NONNULL = YES;
				CLANG_ANALYZER_NUMBER_OBJECT_CONVERSION = YES_AGGRESSIVE;
				CLANG_CXX_LANGUAGE_STANDARD = "gnu++20";
				CLANG_ENABLE_MODULES = YES;
				CLANG_ENABLE_OBJC_ARC = YES;
				CLANG_ENABLE_OBJC_WEAK = YES;
				CLANG_WARN_BLOCK_CAPTURE_AUTORELEASING = YES;
				CLANG_WARN_BOOL_CONVERSION = YES;
				CLANG_WARN_COMMA = YES;
				CLANG_WARN_CONSTANT_CONVERSION = YES;
				CLANG_WARN_DEPRECATED_OBJC_IMPLEMENTATIONS = YES;
				CLANG_WARN_DIRECT_OBJC_ISA_USAGE = YES_ERROR;
				CLANG_WARN_DOCUMENTATION_COMMENTS = YES;
				CLANG_WARN_EMPTY_BODY = YES;
				CLANG_WARN_ENUM_CONVERSION = YES;
				CLANG_WARN_INFINITE_RECURSION = YES;
				CLANG_WARN_INT_CONVERSION = YES;
				CLANG_WARN_NON_LITERAL_NULL_CONVERSION = YES;
				CLANG_WARN_OBJC_IMPLICIT_RETAIN_SELF = YES;
				CLANG_WARN_OBJC_LITERAL_CONVERSION = YES;
				CLANG_WARN_OBJC_ROOT_CLASS = YES_ERROR;
				CLANG_WARN_QUOTED_INCLUDE_IN_FRAMEWORK_HEADER = YES;
				CLANG_WARN_RANGE_LOOP_ANALYSIS = YES;
				CLANG_WARN_STRICT_PROTOTYPES = YES;
				CLANG_WARN_SUSPICIOUS_MOVE = YES;
				CLANG_WARN_UNGUARDED_AVAILABILITY = YES_AGGRESSIVE;
				CLANG_WARN_UNREACHABLE_CODE = YES;
				CLANG_WARN__DUPLICATE_METHOD_MATCH = YES;
				COPY_PHASE_STRIP = NO;
				DEBUG_INFORMATION_FORMAT = dwarf;
				ENABLE_STRICT_OBJC_MSGSEND = YES;
				ENABLE_TESTABILITY = YES;
				ENABLE_USER_SCRIPT_SANDBOXING = NO;
				GCC_C_LANGUAGE_STANDARD = gnu17;
				GCC_DYNAMIC_NO_PIC = NO;
				GCC_NO_COMMON_BLOCKS = YES;
				GCC_OPTIMIZATION_LEVEL = 0;
				GCC_PREPROCESSOR_DEFINITIONS = (
					"DEBUG=1",
					"$(inherited)",
				);
				GCC_WARN_64_TO_32_BIT_CONVERSION = YES;
				GCC_WARN_ABOUT_RETURN_TYPE = YES_ERROR;
				GCC_WARN_UNDECLARED_SELECTOR = YES;
				GCC_WARN_UNINITIALIZED_AUTOS = YES_AGGRESSIVE;
				GCC_WARN_UNUSED_FUNCTION = YES;
				GCC_WARN_UNUSED_VARIABLE = YES;
				IPHONEOS_DEPLOYMENT_TARGET = 17.0;
				LOCALIZATION_PREFERS_STRING_CATALOGS = YES;
				MACOSX_DEPLOYMENT_TARGET = 14.4;
				MTL_ENABLE_DEBUG_INFO = INCLUDE_SOURCE;
				MTL_FAST_MATH = YES;
				ONLY_ACTIVE_ARCH = YES;
				SDKROOT = macosx;
				SWIFT_ACTIVE_COMPILATION_CONDITIONS = "DEBUG $(inherited)";
				SWIFT_OPTIMIZATION_LEVEL = "-Onone";
			};
			name = Debug;
		};
		02A39F252C6B8B6200C1FB4B /* Release */ = {
			isa = XCBuildConfiguration;
			buildSettings = {
				ALWAYS_SEARCH_USER_PATHS = NO;
				ASSETCATALOG_COMPILER_GENERATE_SWIFT_ASSET_SYMBOL_EXTENSIONS = YES;
				CLANG_ANALYZER_NONNULL = YES;
				CLANG_ANALYZER_NUMBER_OBJECT_CONVERSION = YES_AGGRESSIVE;
				CLANG_CXX_LANGUAGE_STANDARD = "gnu++20";
				CLANG_ENABLE_MODULES = YES;
				CLANG_ENABLE_OBJC_ARC = YES;
				CLANG_ENABLE_OBJC_WEAK = YES;
				CLANG_WARN_BLOCK_CAPTURE_AUTORELEASING = YES;
				CLANG_WARN_BOOL_CONVERSION = YES;
				CLANG_WARN_COMMA = YES;
				CLANG_WARN_CONSTANT_CONVERSION = YES;
				CLANG_WARN_DEPRECATED_OBJC_IMPLEMENTATIONS = YES;
				CLANG_WARN_DIRECT_OBJC_ISA_USAGE = YES_ERROR;
				CLANG_WARN_DOCUMENTATION_COMMENTS = YES;
				CLANG_WARN_EMPTY_BODY = YES;
				CLANG_WARN_ENUM_CONVERSION = YES;
				CLANG_WARN_INFINITE_RECURSION = YES;
				CLANG_WARN_INT_CONVERSION = YES;
				CLANG_WARN_NON_LITERAL_NULL_CONVERSION = YES;
				CLANG_WARN_OBJC_IMPLICIT_RETAIN_SELF = YES;
				CLANG_WARN_OBJC_LITERAL_CONVERSION = YES;
				CLANG_WARN_OBJC_ROOT_CLASS = YES_ERROR;
				CLANG_WARN_QUOTED_INCLUDE_IN_FRAMEWORK_HEADER = YES;
				CLANG_WARN_RANGE_LOOP_ANALYSIS = YES;
				CLANG_WARN_STRICT_PROTOTYPES = YES;
				CLANG_WARN_SUSPICIOUS_MOVE = YES;
				CLANG_WARN_UNGUARDED_AVAILABILITY = YES_AGGRESSIVE;
				CLANG_WARN_UNREACHABLE_CODE = YES;
				CLANG_WARN__DUPLICATE_METHOD_MATCH = YES;
				COPY_PHASE_STRIP = NO;
				DEBUG_INFORMATION_FORMAT = "dwarf-with-dsym";
				ENABLE_NS_ASSERTIONS = NO;
				ENABLE_STRICT_OBJC_MSGSEND = YES;
				ENABLE_USER_SCRIPT_SANDBOXING = NO;
				GCC_C_LANGUAGE_STANDARD = gnu17;
				GCC_NO_COMMON_BLOCKS = YES;
				GCC_WARN_64_TO_32_BIT_CONVERSION = YES;
				GCC_WARN_ABOUT_RETURN_TYPE = YES_ERROR;
				GCC_WARN_UNDECLARED_SELECTOR = YES;
				GCC_WARN_UNINITIALIZED_AUTOS = YES_AGGRESSIVE;
				GCC_WARN_UNUSED_FUNCTION = YES;
				GCC_WARN_UNUSED_VARIABLE = YES;
				IPHONEOS_DEPLOYMENT_TARGET = 17.0;
				LOCALIZATION_PREFERS_STRING_CATALOGS = YES;
				MACOSX_DEPLOYMENT_TARGET = 14.4;
				MTL_ENABLE_DEBUG_INFO = NO;
				MTL_FAST_MATH = YES;
				ONLY_ACTIVE_ARCH = YES;
				SDKROOT = macosx;
				SWIFT_COMPILATION_MODE = wholemodule;
			};
			name = Release;
		};
		02A39F272C6B8B6200C1FB4B /* Debug */ = {
			isa = XCBuildConfiguration;
			baseConfigurationReference = 99CA4DE900057EDDC4591E5B /* Pods-WSAdmin.debug.xcconfig */;
			buildSettings = {
				ASSETCATALOG_COMPILER_APPICON_NAME = AppIcon;
				ASSETCATALOG_COMPILER_GLOBAL_ACCENT_COLOR_NAME = AccentColor;
				CODE_SIGN_ENTITLEMENTS = WSAdmin/WSAdmin.entitlements;
				CODE_SIGN_IDENTITY = "-";
				"CODE_SIGN_IDENTITY[sdk=*]" = "-";
				"CODE_SIGN_IDENTITY[sdk=macosx*]" = "Apple Development";
				CODE_SIGN_STYLE = Automatic;
				COMBINE_HIDPI_IMAGES = YES;
				CURRENT_PROJECT_VERSION = 1;
				DEVELOPMENT_ASSET_PATHS = "\"WSAdmin/Preview Content\"";
				DEVELOPMENT_TEAM = F56U572VFS;
				ENABLE_HARDENED_RUNTIME = YES;
				ENABLE_PREVIEWS = YES;
				ENABLE_USER_SCRIPT_SANDBOXING = NO;
				GENERATE_INFOPLIST_FILE = YES;
				INFOPLIST_FILE = WSAdmin/Info.plist;
				INFOPLIST_KEY_LSApplicationCategoryType = "public.app-category.education";
				INFOPLIST_KEY_NSHumanReadableCopyright = "";
				IPHONEOS_DEPLOYMENT_TARGET = 17.0;
				LD_RUNPATH_SEARCH_PATHS = (
					"$(inherited)",
					"@executable_path/../Frameworks",
				);
				MACOSX_DEPLOYMENT_TARGET = 15.0;
				MARKETING_VERSION = 1.0;
				PRODUCT_BUNDLE_IDENTIFIER = com.writeseattle.WSAdmin;
				PRODUCT_NAME = "$(TARGET_NAME)";
				SUPPORTED_PLATFORMS = macosx;
				SUPPORTS_MACCATALYST = NO;
				SWIFT_EMIT_LOC_STRINGS = YES;
				SWIFT_VERSION = 5.0;
			};
			name = Debug;
		};
		02A39F282C6B8B6200C1FB4B /* Release */ = {
			isa = XCBuildConfiguration;
			baseConfigurationReference = 60A449B919D5EA4EE3D8FA59 /* Pods-WSAdmin.release.xcconfig */;
			buildSettings = {
				ASSETCATALOG_COMPILER_APPICON_NAME = AppIcon;
				ASSETCATALOG_COMPILER_GLOBAL_ACCENT_COLOR_NAME = AccentColor;
				CODE_SIGN_ENTITLEMENTS = WSAdmin/WSAdmin.entitlements;
				CODE_SIGN_IDENTITY = "-";
				"CODE_SIGN_IDENTITY[sdk=macosx*]" = "Apple Development";
				CODE_SIGN_STYLE = Automatic;
				COMBINE_HIDPI_IMAGES = YES;
				CURRENT_PROJECT_VERSION = 1;
				DEVELOPMENT_ASSET_PATHS = "\"WSAdmin/Preview Content\"";
				DEVELOPMENT_TEAM = F56U572VFS;
				ENABLE_HARDENED_RUNTIME = YES;
				ENABLE_PREVIEWS = YES;
				ENABLE_USER_SCRIPT_SANDBOXING = NO;
				GENERATE_INFOPLIST_FILE = YES;
				INFOPLIST_FILE = WSAdmin/Info.plist;
				INFOPLIST_KEY_LSApplicationCategoryType = "public.app-category.education";
				INFOPLIST_KEY_NSHumanReadableCopyright = "";
				IPHONEOS_DEPLOYMENT_TARGET = 17.0;
				LD_RUNPATH_SEARCH_PATHS = (
					"$(inherited)",
					"@executable_path/../Frameworks",
				);
				MACOSX_DEPLOYMENT_TARGET = 15.0;
				MARKETING_VERSION = 1.0;
				PRODUCT_BUNDLE_IDENTIFIER = com.writeseattle.WSAdmin;
				PRODUCT_NAME = "$(TARGET_NAME)";
				SUPPORTED_PLATFORMS = macosx;
				SUPPORTS_MACCATALYST = NO;
				SWIFT_EMIT_LOC_STRINGS = YES;
				SWIFT_VERSION = 5.0;
			};
			name = Release;
		};
/* End XCBuildConfiguration section */

/* Begin XCConfigurationList section */
		02A39F122C6B8B5C00C1FB4B /* Build configuration list for PBXProject "WSAdmin" */ = {
			isa = XCConfigurationList;
			buildConfigurations = (
				02A39F242C6B8B6200C1FB4B /* Debug */,
				02A39F252C6B8B6200C1FB4B /* Release */,
			);
			defaultConfigurationIsVisible = 0;
			defaultConfigurationName = Release;
		};
		02A39F262C6B8B6200C1FB4B /* Build configuration list for PBXNativeTarget "WSAdmin" */ = {
			isa = XCConfigurationList;
			buildConfigurations = (
				02A39F272C6B8B6200C1FB4B /* Debug */,
				02A39F282C6B8B6200C1FB4B /* Release */,
			);
			defaultConfigurationIsVisible = 0;
			defaultConfigurationName = Release;
		};
/* End XCConfigurationList section */
	};
	rootObject = 02A39F0F2C6B8B5C00C1FB4B /* Project object */;
}
